
Microsoft Visual Studio Solution File, Format Version 12.00
# Visual Studio 2013
VisualStudioVersion = 12.0.30324.0
MinimumVisualStudioVersion = 10.0.40219.1
Project("{2150E333-8FDC-42A3-9474-1A3956D46DE8}") = "Data", "Data", "{EA6AFDBE-A4C4-467B-A18C-43EB79F13947}"
	ProjectSection(SolutionItems) = preProject
		Data\checkin_export.json = Data\checkin_export.json
	EndProjectSection
EndProject
Project("{FAE04EC0-301F-11D3-BF4B-00C04F79EFBC}") = "Scraper", "Scraper\Scraper.csproj", "{4CD6DB2D-67C9-4D38-8A5F-374DD3BC0DD7}"
EndProject
Project("{2150E333-8FDC-42A3-9474-1A3956D46DE8}") = ".nuget", ".nuget", "{7D649726-D6A9-4CC6-ADE3-E6CFDE726A06}"
	ProjectSection(SolutionItems) = preProject
		.nuget\packages.config = .nuget\packages.config
	EndProjectSection
EndProject
Global
	GlobalSection(SolutionConfigurationPlatforms) = preSolution
		Debug|Any CPU = Debug|Any CPU
		Release|Any CPU = Release|Any CPU
	EndGlobalSection
	GlobalSection(ProjectConfigurationPlatforms) = postSolution
		{4CD6DB2D-67C9-4D38-8A5F-374DD3BC0DD7}.Debug|Any CPU.ActiveCfg = Debug|Any CPU
		{4CD6DB2D-67C9-4D38-8A5F-374DD3BC0DD7}.Debug|Any CPU.Build.0 = Debug|Any CPU
		{4CD6DB2D-67C9-4D38-8A5F-374DD3BC0DD7}.Release|Any CPU.ActiveCfg = Release|Any CPU
		{4CD6DB2D-67C9-4D38-8A5F-374DD3BC0DD7}.Release|Any CPU.Build.0 = Release|Any CPU
	EndGlobalSection
	GlobalSection(SolutionProperties) = preSolution
		HideSolutionNode = FALSE
	EndGlobalSection
EndGlobal
